Quantum Computing Serverless Optimization Version Control Don't be afraid to give up the good to go for the great. Data Pipeline Containerization Database
Success is how high you bounce when you hit bottom. Neural Networks Database Virtual Machines Great things never come from comfort zones. Data Science Frontend DevOps Machine Learning WebSockets Sharding JWT API
DevOps Deployment Stay hungry, stay foolish. Cloud OAuth Difficult roads often lead to beautiful destinations. Docker The only way to do great work is to love what you do. Success is how high you bounce when you hit bottom.
